# This file is automatically @generated by Cargo.
# It is not intended for manual editing.
version = 3

[[package]]
name = "ahash"
version = "0.7.6"
source = "registry+https://github.com/rust-lang/crates.io-index"
checksum = "fcb51a0695d8f838b1ee009b3fbf66bda078cd64590202a864a8f3e8c4315c47"
dependencies = [
 "getrandom",
 "once_cell",
 "version_check",
]

[[package]]
name = "aho-corasick"
version = "0.7.18"
source = "registry+https://github.com/rust-lang/crates.io-index"
checksum = "1e37cfd5e7657ada45f742d6e99ca5788580b5c529dc78faf11ece6dc702656f"
dependencies = [
 "memchr",
]

[[package]]
name = "anyhow"
version = "1.0.65"
source = "registry+https://github.com/rust-lang/crates.io-index"
checksum = "98161a4e3e2184da77bb14f02184cdd111e83bbbcc9979dfee3c44b9a85f5602"

[[package]]
name = "arrayref"
version = "0.3.6"
source = "registry+https://github.com/rust-lang/crates.io-index"
checksum = "a4c527152e37cf757a3f78aae5a06fbeefdb07ccc535c980a3208ee3060dd544"

[[package]]
name = "arrayvec"
version = "0.7.2"
source = "registry+https://github.com/rust-lang/crates.io-index"
checksum = "8da52d66c7071e2e3fa2a1e5c6d088fec47b593032b254f5e980de8ea54454d6"

[[package]]
name = "autocfg"
version = "1.1.0"
source = "registry+https://github.com/rust-lang/crates.io-index"
checksum = "d468802bab17cbc0cc575e9b053f41e72aa36bfa6b7f55e3529ffa43161b97fa"

[[package]]
name = "base-x"
version = "0.2.10"
source = "registry+https://github.com/rust-lang/crates.io-index"
checksum = "dc19a4937b4fbd3fe3379793130e42060d10627a360f2127802b10b87e7baf74"

[[package]]
name = "base64"
version = "0.13.0"
source = "registry+https://github.com/rust-lang/crates.io-index"
checksum = "904dfeac50f3cdaba28fc6f57fdcddb75f49ed61346676a78c4ffe55877802fd"

[[package]]
name = "blake2b_simd"
version = "1.0.0"
source = "registry+https://github.com/rust-lang/crates.io-index"
checksum = "72936ee4afc7f8f736d1c38383b56480b5497b4617b4a77bdbf1d2ababc76127"
dependencies = [
 "arrayref",
 "arrayvec",
 "constant_time_eq",
]

[[package]]
name = "block-buffer"
version = "0.10.2"
source = "registry+https://github.com/rust-lang/crates.io-index"
checksum = "0bf7fe51849ea569fd452f37822f606a5cabb684dc918707a0193fd4664ff324"
dependencies = [
 "generic-array",
]

[[package]]
name = "bumpalo"
version = "3.9.1"
source = "registry+https://github.com/rust-lang/crates.io-index"
checksum = "a4a45a46ab1f2412e53d3a0ade76ffad2025804294569aae387231a0cd6e0899"

[[package]]
name = "byteorder"
version = "1.4.3"
source = "registry+https://github.com/rust-lang/crates.io-index"
checksum = "14c189c53d098945499cdfa7ecc63567cf3886b3332b312a5b4585d8d3a6a610"

[[package]]
name = "cbor4ii"
version = "0.2.13"
source = "registry+https://github.com/rust-lang/crates.io-index"
checksum = "ebce4be718fce03915a0a6220eaca81becdab6485d6ad57d483ed6ff76def7b7"
dependencies = [
 "serde",
]

[[package]]
name = "cfg-if"
version = "1.0.0"
source = "registry+https://github.com/rust-lang/crates.io-index"
checksum = "baf1de4339761588bc0619e3cbc0120ee582ebb74b53b4efbf79117bd2da40fd"

[[package]]
name = "cid"
version = "0.8.5"
source = "registry+https://github.com/rust-lang/crates.io-index"
checksum = "fc949bff6704880faf064c42a4854032ab07bfcf3a4fcb82a57470acededb69c"
dependencies = [
 "core2",
 "multibase",
 "multihash",
 "serde",
 "serde_bytes",
 "unsigned-varint",
]

[[package]]
name = "constant_time_eq"
version = "0.1.5"
source = "registry+https://github.com/rust-lang/crates.io-index"
checksum = "245097e9a4535ee1e3e3931fcfcd55a796a44c643e8596ff6566d68f09b87bbc"

[[package]]
name = "core2"
version = "0.4.0"
source = "registry+https://github.com/rust-lang/crates.io-index"
checksum = "b49ba7ef1ad6107f8824dbe97de947cbaac53c44e7f9756a1fba0d37c1eec505"
dependencies = [
 "memchr",
]

[[package]]
name = "cpufeatures"
version = "0.2.2"
source = "registry+https://github.com/rust-lang/crates.io-index"
checksum = "59a6001667ab124aebae2a495118e11d30984c3a653e99d86d58971708cf5e4b"
dependencies = [
 "libc",
]

[[package]]
name = "crypto-common"
version = "0.1.3"
source = "registry+https://github.com/rust-lang/crates.io-index"
checksum = "57952ca27b5e3606ff4dd79b0020231aaf9d6aa76dc05fd30137538c50bd3ce8"
dependencies = [
 "generic-array",
 "typenum",
]

[[package]]
name = "cs_serde_bytes"
version = "0.12.0"
source = "registry+https://github.com/rust-lang/crates.io-index"
checksum = "ebca5e1e931005a5d90cc90831a22619c94fdeb645435c22eae52956dee29675"
dependencies = [
 "serde",
]

[[package]]
name = "darling"
version = "0.12.4"
source = "registry+https://github.com/rust-lang/crates.io-index"
checksum = "5f2c43f534ea4b0b049015d00269734195e6d3f0f6635cb692251aca6f9f8b3c"
dependencies = [
 "darling_core",
 "darling_macro",
]

[[package]]
name = "darling_core"
version = "0.12.4"
source = "registry+https://github.com/rust-lang/crates.io-index"
checksum = "8e91455b86830a1c21799d94524df0845183fa55bafd9aa137b01c7d1065fa36"
dependencies = [
 "fnv",
 "ident_case",
 "proc-macro2",
 "quote",
 "strsim",
 "syn",
]

[[package]]
name = "darling_macro"
version = "0.12.4"
source = "registry+https://github.com/rust-lang/crates.io-index"
checksum = "29b5acf0dea37a7f66f7b25d2c5e93fd46f8f6968b1a5d7a3e02e97768afc95a"
dependencies = [
 "darling_core",
 "quote",
 "syn",
]

[[package]]
name = "data-encoding"
version = "2.3.2"
source = "registry+https://github.com/rust-lang/crates.io-index"
checksum = "3ee2393c4a91429dffb4bedf19f4d6abf27d8a732c8ce4980305d782e5426d57"

[[package]]
name = "data-encoding-macro"
version = "0.1.12"
source = "registry+https://github.com/rust-lang/crates.io-index"
checksum = "86927b7cd2fe88fa698b87404b287ab98d1a0063a34071d92e575b72d3029aca"
dependencies = [
 "data-encoding",
 "data-encoding-macro-internal",
]

[[package]]
name = "data-encoding-macro-internal"
version = "0.1.10"
source = "registry+https://github.com/rust-lang/crates.io-index"
checksum = "a5bbed42daaa95e780b60a50546aa345b8413a1e46f9a40a12907d3598f038db"
dependencies = [
 "data-encoding",
 "syn",
]

[[package]]
name = "derive_builder"
version = "0.10.2"
source = "registry+https://github.com/rust-lang/crates.io-index"
checksum = "d13202debe11181040ae9063d739fa32cfcaaebe2275fe387703460ae2365b30"
dependencies = [
 "derive_builder_macro",
]

[[package]]
name = "derive_builder_core"
version = "0.10.2"
source = "registry+https://github.com/rust-lang/crates.io-index"
checksum = "66e616858f6187ed828df7c64a6d71720d83767a7f19740b2d1b6fe6327b36e5"
dependencies = [
 "darling",
 "proc-macro2",
 "quote",
 "syn",
]

[[package]]
name = "derive_builder_macro"
version = "0.10.2"
source = "registry+https://github.com/rust-lang/crates.io-index"
checksum = "58a94ace95092c5acb1e97a7e846b310cfbd499652f72297da7493f618a98d73"
dependencies = [
 "derive_builder_core",
 "syn",
]

[[package]]
name = "digest"
version = "0.10.5"
source = "registry+https://github.com/rust-lang/crates.io-index"
checksum = "adfbc57365a37acbd2ebf2b64d7e69bb766e2fea813521ed536f5d0520dcf86c"
dependencies = [
 "block-buffer",
 "crypto-common",
]

[[package]]
name = "either"
version = "1.6.1"
source = "registry+https://github.com/rust-lang/crates.io-index"
checksum = "e78d4f1cc4ae33bbfc157ed5d5a5ef3bc29227303d595861deb238fcec4e9457"

[[package]]
name = "fil_actor_account_state_v8"
version = "8.0.0"
dependencies = [
 "fil_actors_runtime_common",
 "fvm_ipld_blockstore",
 "fvm_ipld_encoding",
 "fvm_shared",
 "num-derive",
 "num-traits",
 "serde",
]

[[package]]
name = "fil_actor_account_state_v9"
version = "9.0.0"
dependencies = [
 "anyhow",
 "fil_actors_runtime_common",
 "frc42_dispatch",
 "fvm_ipld_blockstore",
 "fvm_ipld_encoding",
 "fvm_shared",
 "num-derive",
 "num-traits",
 "serde",
]

[[package]]
name = "fil_actor_cron_state_v8"
version = "8.0.0"
dependencies = [
 "fil_actors_runtime_common",
 "fvm_ipld_blockstore",
 "fvm_ipld_encoding",
 "fvm_shared",
 "log",
 "num-derive",
 "num-traits",
 "serde",
]

[[package]]
name = "fil_actor_cron_state_v9"
version = "9.0.0"
dependencies = [
 "fil_actors_runtime_common",
 "fvm_ipld_blockstore",
 "fvm_ipld_encoding",
 "fvm_shared",
 "log",
 "num-derive",
 "num-traits",
 "serde",
]

[[package]]
name = "fil_actor_init_state_v8"
version = "8.0.0"
dependencies = [
 "anyhow",
 "cid",
 "fil_actors_runtime_common",
 "fvm_ipld_blockstore",
 "fvm_ipld_encoding",
 "fvm_ipld_hamt",
 "fvm_shared",
 "log",
 "num-derive",
 "num-traits",
 "serde",
]

[[package]]
name = "fil_actor_init_state_v9"
version = "9.0.0"
dependencies = [
 "anyhow",
 "cid",
 "fil_actors_runtime_common",
 "fvm_ipld_blockstore",
 "fvm_ipld_encoding",
 "fvm_ipld_hamt",
 "fvm_shared",
 "log",
 "num-derive",
 "num-traits",
 "serde",
]

[[package]]
name = "fil_actor_market_state_v8"
version = "8.0.0"
dependencies = [
 "anyhow",
 "cid",
 "fil_actor_power_state_v8",
 "fil_actor_reward_state_v8",
 "fil_actor_verifreg_state_v8",
 "fil_actors_runtime_common",
 "fvm_ipld_amt",
 "fvm_ipld_bitfield",
 "fvm_ipld_blockstore",
 "fvm_ipld_encoding",
 "fvm_ipld_hamt",
 "fvm_shared",
 "itertools",
 "libipld-core",
 "log",
 "multihash",
 "num-derive",
 "num-traits",
 "regex",
 "serde",
]

[[package]]
name = "fil_actor_market_state_v9"
version = "9.0.0"
dependencies = [
 "anyhow",
 "cid",
 "fil_actor_power_state_v9",
 "fil_actor_reward_state_v9",
 "fil_actor_verifreg_state_v9",
 "fil_actors_runtime_common",
 "frc46_token",
 "fvm_ipld_amt",
 "fvm_ipld_bitfield",
 "fvm_ipld_blockstore",
 "fvm_ipld_encoding",
 "fvm_ipld_hamt",
 "fvm_shared",
 "integer-encoding",
 "itertools",
 "libipld-core",
 "log",
 "multihash",
 "num-derive",
 "num-traits",
 "regex",
 "serde",
]

[[package]]
name = "fil_actor_miner_state_v8"
version = "8.0.0"
dependencies = [
 "anyhow",
 "byteorder",
 "cid",
 "fil_actors_runtime_common",
 "fvm_ipld_amt",
 "fvm_ipld_bitfield",
 "fvm_ipld_blockstore",
 "fvm_ipld_encoding",
 "fvm_ipld_hamt",
 "fvm_shared",
 "itertools",
 "lazy_static",
 "log",
 "num-derive",
 "num-traits",
 "serde",
]

[[package]]
name = "fil_actor_miner_state_v9"
version = "9.0.0"
dependencies = [
 "anyhow",
 "byteorder",
 "cid",
 "fil_actor_account_state_v9",
 "fil_actor_market_state_v9",
 "fil_actor_power_state_v9",
 "fil_actor_reward_state_v9",
 "fil_actors_runtime_common",
 "fvm_ipld_amt",
 "fvm_ipld_bitfield",
 "fvm_ipld_blockstore",
 "fvm_ipld_encoding",
 "fvm_ipld_hamt",
 "fvm_shared",
 "itertools",
 "lazy_static",
 "log",
 "multihash",
 "num-derive",
 "num-traits",
 "rand",
 "serde",
 "test-case",
]

[[package]]
name = "fil_actor_multisig_state_v8"
version = "8.0.0"
dependencies = [
 "anyhow",
 "cid",
 "fil_actors_runtime_common",
 "fvm_ipld_blockstore",
 "fvm_ipld_encoding",
 "fvm_ipld_hamt",
 "fvm_shared",
 "indexmap",
 "integer-encoding",
 "num-derive",
 "num-traits",
 "serde",
]

[[package]]
name = "fil_actor_multisig_state_v9"
version = "9.0.0"
dependencies = [
 "anyhow",
 "cid",
 "fil_actors_runtime_common",
 "frc42_dispatch",
 "fvm_ipld_blockstore",
 "fvm_ipld_encoding",
 "fvm_ipld_hamt",
 "fvm_shared",
 "indexmap",
 "integer-encoding",
 "lazy_static",
 "num-derive",
 "num-traits",
 "serde",
]

[[package]]
name = "fil_actor_paych_state_v8"
version = "8.0.0"
dependencies = [
 "anyhow",
 "cid",
 "derive_builder",
 "fil_actors_runtime_common",
 "fvm_ipld_amt",
 "fvm_ipld_blockstore",
 "fvm_ipld_encoding",
 "fvm_shared",
 "num-derive",
 "num-traits",
 "serde",
]

[[package]]
name = "fil_actor_paych_state_v9"
version = "9.0.0"
dependencies = [
 "anyhow",
 "cid",
 "derive_builder",
 "fil_actors_runtime_common",
 "fvm_ipld_amt",
 "fvm_ipld_blockstore",
 "fvm_ipld_encoding",
 "fvm_shared",
 "num-derive",
 "num-traits",
 "serde",
]

[[package]]
name = "fil_actor_power_state_v8"
version = "8.0.0"
dependencies = [
 "anyhow",
 "cid",
 "fil_actor_reward_state_v8",
 "fil_actors_runtime_common",
 "fvm_ipld_blockstore",
 "fvm_ipld_encoding",
 "fvm_ipld_hamt",
 "fvm_shared",
 "indexmap",
 "integer-encoding",
 "lazy_static",
 "log",
 "num-derive",
 "num-traits",
 "serde",
]

[[package]]
name = "fil_actor_power_state_v9"
version = "9.0.0"
dependencies = [
 "anyhow",
 "cid",
 "fil_actor_reward_state_v9",
 "fil_actors_runtime_common",
 "fvm_ipld_blockstore",
 "fvm_ipld_encoding",
 "fvm_ipld_hamt",
 "fvm_shared",
 "indexmap",
 "integer-encoding",
 "lazy_static",
 "log",
 "num-derive",
 "num-traits",
 "serde",
]

[[package]]
name = "fil_actor_reward_state_v8"
version = "8.0.0"
dependencies = [
 "fil_actors_runtime_common",
 "fvm_ipld_blockstore",
 "fvm_ipld_encoding",
 "fvm_shared",
 "lazy_static",
 "log",
 "num",
 "num-derive",
 "num-traits",
 "serde",
]

[[package]]
name = "fil_actor_reward_state_v9"
version = "9.0.0"
dependencies = [
 "fil_actors_runtime_common",
 "fvm_ipld_blockstore",
 "fvm_ipld_encoding",
 "fvm_shared",
 "lazy_static",
 "log",
 "num",
 "num-derive",
 "num-traits",
 "serde",
]

[[package]]
name = "fil_actor_system_state_v8"
version = "8.0.0"
dependencies = [
 "anyhow",
 "cid",
 "fil_actors_runtime_common",
 "fvm_ipld_blockstore",
 "fvm_ipld_encoding",
 "fvm_shared",
 "num-derive",
 "num-traits",
 "serde",
]

[[package]]
name = "fil_actor_system_state_v9"
version = "9.0.0"
dependencies = [
 "anyhow",
 "cid",
 "fil_actors_runtime_common",
 "fvm_ipld_blockstore",
 "fvm_ipld_encoding",
 "fvm_shared",
 "num-derive",
 "num-traits",
 "serde",
]

[[package]]
name = "fil_actor_verifreg_state_v8"
version = "8.0.0"
dependencies = [
 "anyhow",
 "cid",
 "fil_actors_runtime_common",
 "fvm_ipld_blockstore",
 "fvm_ipld_encoding",
 "fvm_ipld_hamt",
 "fvm_shared",
 "lazy_static",
 "num-derive",
 "num-traits",
 "serde",
]

[[package]]
name = "fil_actor_verifreg_state_v9"
version = "9.0.0"
dependencies = [
 "anyhow",
 "cid",
 "fil_actors_runtime_common",
 "frc42_dispatch",
 "frc46_token",
 "fvm_ipld_blockstore",
 "fvm_ipld_encoding",
 "fvm_ipld_hamt",
 "fvm_shared",
 "lazy_static",
 "log",
 "num-derive",
 "num-traits",
 "serde",
]

[[package]]
name = "fil_actors_runtime_common"
version = "9.0.0"
dependencies = [
 "anyhow",
 "base64",
 "blake2b_simd",
 "byteorder",
 "cid",
 "derive_builder",
 "fvm_ipld_amt",
 "fvm_ipld_bitfield",
 "fvm_ipld_blockstore",
 "fvm_ipld_encoding",
 "fvm_ipld_hamt",
 "fvm_sdk",
 "fvm_shared",
 "getrandom",
 "hex",
 "indexmap",
 "integer-encoding",
 "itertools",
 "lazy_static",
 "log",
 "multihash",
 "num-derive",
 "num-traits",
 "paste",
 "rand",
 "regex",
 "serde",
 "serde_repr",
 "sha2",
 "thiserror",
 "unsigned-varint",
]

[[package]]
name = "fnv"
version = "1.0.7"
source = "registry+https://github.com/rust-lang/crates.io-index"
checksum = "3f9eec918d3f24069decb9af1554cad7c880e2da24a9afd88aca000531ab82c1"

[[package]]
name = "forest_hash_utils"
version = "0.1.0"
source = "registry+https://github.com/rust-lang/crates.io-index"
checksum = "edb061ad769411763a5d6ae39d596696657472b25a66387fbb0ba8c133bb6575"
dependencies = [
 "cs_serde_bytes",
 "serde",
]

[[package]]
name = "frc42_dispatch"
version = "1.0.0"
source = "registry+https://github.com/rust-lang/crates.io-index"
checksum = "0a14895265f48c04193451b8a6810d58026f0ec603c47a7e52d94a3a3b5433bf"
dependencies = [
 "frc42_hasher",
 "frc42_macros",
 "fvm_ipld_encoding",
 "fvm_sdk",
 "fvm_shared",
 "thiserror",
]

[[package]]
name = "frc42_hasher"
version = "1.0.0"
source = "registry+https://github.com/rust-lang/crates.io-index"
checksum = "13d43157d57ad21c9188be8edd0fad9ec720aa9735b256b41a188119917b3c77"
dependencies = [
 "fvm_sdk",
 "fvm_shared",
 "thiserror",
]

[[package]]
name = "frc42_macros"
version = "1.0.0"
source = "registry+https://github.com/rust-lang/crates.io-index"
checksum = "c343356c3652593452cc1cfe95535a915261342e2a4c13bb8388ca29b259a400"
dependencies = [
 "blake2b_simd",
 "frc42_hasher",
 "proc-macro2",
 "quote",
 "syn",
]

[[package]]
name = "frc46_token"
version = "1.1.0"
source = "registry+https://github.com/rust-lang/crates.io-index"
checksum = "8958b1fe87ffacf17196cc3c7f2dd5a31293a79611a46771ac603d4cc289a099"
dependencies = [
 "anyhow",
 "cid",
 "frc42_dispatch",
 "fvm_actor_utils",
 "fvm_ipld_amt",
 "fvm_ipld_blockstore",
 "fvm_ipld_encoding",
 "fvm_ipld_hamt",
 "fvm_sdk",
 "fvm_shared",
 "integer-encoding",
 "num-traits",
 "serde",
 "serde_tuple",
 "thiserror",
]

[[package]]
name = "fvm_actor_utils"
version = "0.1.0"
source = "registry+https://github.com/rust-lang/crates.io-index"
checksum = "15b2605197066de1548fd18d5c367cd425be4dab83d4c0f5f9f730d0eec6124c"
dependencies = [
 "anyhow",
 "cid",
 "frc42_dispatch",
 "fvm_ipld_blockstore",
 "fvm_ipld_encoding",
 "fvm_sdk",
 "fvm_shared",
 "num-traits",
 "thiserror",
]

[[package]]
name = "fvm_ipld_amt"
version = "0.4.2"
source = "registry+https://github.com/rust-lang/crates.io-index"
checksum = "48d09e5aa7de45452676d18fcb70b750acd65faae7a4fe18fe784b4c85f869fb"
dependencies = [
 "ahash",
 "anyhow",
 "cid",
 "fvm_ipld_blockstore",
 "fvm_ipld_encoding",
 "itertools",
 "once_cell",
 "serde",
 "thiserror",
]

[[package]]
name = "fvm_ipld_bitfield"
version = "0.5.2"
source = "registry+https://github.com/rust-lang/crates.io-index"
checksum = "af1587207c7455ea70a762d4360f502b6728ea6e2dfbec2b66b6d4d943ee29ae"
dependencies = [
 "cs_serde_bytes",
 "fvm_ipld_encoding",
 "serde",
 "thiserror",
 "unsigned-varint",
]

[[package]]
name = "fvm_ipld_blockstore"
version = "0.1.1"
source = "registry+https://github.com/rust-lang/crates.io-index"
checksum = "688239a96199577f6705a3f9689abfd795f867f91f5847bc7e236017cc672df7"
dependencies = [
 "anyhow",
 "cid",
 "multihash",
]

[[package]]
name = "fvm_ipld_encoding"
version = "0.2.2"
source = "registry+https://github.com/rust-lang/crates.io-index"
checksum = "ce9cfcb4ae444801009182fded790dd56aff9c9a567e54510e2ccf14fb9daf8e"
dependencies = [
 "anyhow",
 "cid",
 "cs_serde_bytes",
 "fvm_ipld_blockstore",
 "multihash",
 "serde",
 "serde_ipld_dagcbor",
 "serde_repr",
 "serde_tuple",
 "thiserror",
]

[[package]]
name = "fvm_ipld_hamt"
version = "0.5.1"
source = "registry+https://github.com/rust-lang/crates.io-index"
checksum = "65b5c939897aa1bfd63e7cb9c458ba10689371af3278ff20d66c6f8ca152c6c0"
dependencies = [
 "anyhow",
 "byteorder",
 "cid",
 "cs_serde_bytes",
 "forest_hash_utils",
 "fvm_ipld_blockstore",
 "fvm_ipld_encoding",
 "libipld-core",
 "multihash",
 "once_cell",
 "serde",
 "sha2",
 "thiserror",
]

[[package]]
name = "fvm_sdk"
version = "2.0.0"
source = "registry+https://github.com/rust-lang/crates.io-index"
checksum = "19d6b29114b9cbdee7ccf7540bdda6657af7fa91666e2489c4d415a7f0706748"
dependencies = [
 "cid",
 "fvm_ipld_encoding",
 "fvm_shared",
 "lazy_static",
 "log",
 "num-traits",
 "thiserror",
]

[[package]]
name = "fvm_shared"
version = "2.0.0"
source = "registry+https://github.com/rust-lang/crates.io-index"
checksum = "ff7d1de62b7b74909d6e4816de83c4e6b46017bba9a31bb0de82b6b26b11cf74"
dependencies = [
 "anyhow",
 "blake2b_simd",
 "byteorder",
 "cid",
 "cs_serde_bytes",
 "data-encoding",
 "data-encoding-macro",
 "fvm_ipld_blockstore",
 "fvm_ipld_encoding",
 "lazy_static",
 "log",
 "multihash",
 "num-bigint",
 "num-derive",
 "num-integer",
 "num-traits",
 "serde",
 "serde_repr",
 "serde_tuple",
 "thiserror",
 "unsigned-varint",
]

[[package]]
name = "generic-array"
version = "0.14.5"
source = "registry+https://github.com/rust-lang/crates.io-index"
checksum = "fd48d33ec7f05fbfa152300fdad764757cbded343c1aa1cff2fbaf4134851803"
dependencies = [
 "typenum",
 "version_check",
]

[[package]]
name = "getrandom"
version = "0.2.6"
source = "registry+https://github.com/rust-lang/crates.io-index"
checksum = "9be70c98951c83b8d2f8f60d7065fa6d5146873094452a1008da8c2f1e4205ad"
dependencies = [
 "cfg-if",
 "js-sys",
 "libc",
 "wasi",
 "wasm-bindgen",
]

[[package]]
name = "hashbrown"
version = "0.11.2"
source = "registry+https://github.com/rust-lang/crates.io-index"
checksum = "ab5ef0d4909ef3724cc8cce6ccc8572c5c817592e9285f5464f8e86f8bd3726e"

[[package]]
name = "hex"
version = "0.4.3"
source = "registry+https://github.com/rust-lang/crates.io-index"
checksum = "7f24254aa9a54b5c858eaee2f5bccdb46aaf0e486a595ed5fd8f86ba55232a70"

[[package]]
name = "ident_case"
version = "1.0.1"
source = "registry+https://github.com/rust-lang/crates.io-index"
checksum = "b9e0384b61958566e926dc50660321d12159025e767c18e043daf26b70104c39"

[[package]]
name = "indexmap"
version = "1.8.1"
source = "registry+https://github.com/rust-lang/crates.io-index"
checksum = "0f647032dfaa1f8b6dc29bd3edb7bbef4861b8b8007ebb118d6db284fd59f6ee"
dependencies = [
 "autocfg",
 "hashbrown",
 "serde",
]

[[package]]
name = "integer-encoding"
version = "3.0.4"
source = "registry+https://github.com/rust-lang/crates.io-index"
checksum = "8bb03732005da905c88227371639bf1ad885cc712789c011c31c5fb3ab3ccf02"

[[package]]
name = "itertools"
version = "0.10.3"
source = "registry+https://github.com/rust-lang/crates.io-index"
checksum = "a9a9d19fa1e79b6215ff29b9d6880b706147f16e9b1dbb1e4e5947b5b02bc5e3"
dependencies = [
 "either",
]

[[package]]
name = "js-sys"
version = "0.3.57"
source = "registry+https://github.com/rust-lang/crates.io-index"
checksum = "671a26f820db17c2a2750743f1dd03bafd15b98c9f30c7c2628c024c05d73397"
dependencies = [
 "wasm-bindgen",
]

[[package]]
name = "keccak"
version = "0.1.0"
source = "registry+https://github.com/rust-lang/crates.io-index"
checksum = "67c21572b4949434e4fc1e1978b99c5f77064153c59d998bf13ecd96fb5ecba7"

[[package]]
name = "lazy_static"
version = "1.4.0"
source = "registry+https://github.com/rust-lang/crates.io-index"
checksum = "e2abad23fbc42b3700f2f279844dc832adb2b2eb069b2df918f455c4e18cc646"

[[package]]
name = "libc"
version = "0.2.126"
source = "registry+https://github.com/rust-lang/crates.io-index"
checksum = "349d5a591cd28b49e1d1037471617a32ddcda5731b99419008085f72d5a53836"

[[package]]
name = "libipld-core"
version = "0.13.1"
source = "registry+https://github.com/rust-lang/crates.io-index"
checksum = "fbdd758764f9680a818af33c31db733eb7c45224715d8816b9dcf0548c75f7c5"
dependencies = [
 "anyhow",
 "cid",
 "core2",
 "multibase",
 "multihash",
 "serde",
 "thiserror",
]

[[package]]
name = "log"
version = "0.4.17"
source = "registry+https://github.com/rust-lang/crates.io-index"
checksum = "abb12e687cfb44aa40f41fc3978ef76448f9b6038cad6aef4259d3c095a2382e"
dependencies = [
 "cfg-if",
]

[[package]]
name = "memchr"
version = "2.5.0"
source = "registry+https://github.com/rust-lang/crates.io-index"
checksum = "2dffe52ecf27772e601905b7522cb4ef790d2cc203488bbd0e2fe85fcb74566d"

[[package]]
name = "multibase"
version = "0.9.1"
source = "registry+https://github.com/rust-lang/crates.io-index"
checksum = "9b3539ec3c1f04ac9748a260728e855f261b4977f5c3406612c884564f329404"
dependencies = [
 "base-x",
 "data-encoding",
 "data-encoding-macro",
]

[[package]]
name = "multihash"
version = "0.16.3"
source = "registry+https://github.com/rust-lang/crates.io-index"
checksum = "1c346cf9999c631f002d8f977c4eaeaa0e6386f16007202308d0b3757522c2cc"
dependencies = [
 "blake2b_simd",
 "core2",
 "digest",
 "multihash-derive",
 "ripemd",
 "serde",
 "serde-big-array",
 "sha2",
 "sha3",
 "unsigned-varint",
]

[[package]]
name = "multihash-derive"
version = "0.8.0"
source = "registry+https://github.com/rust-lang/crates.io-index"
checksum = "fc076939022111618a5026d3be019fd8b366e76314538ff9a1b59ffbcbf98bcd"
dependencies = [
 "proc-macro-crate",
 "proc-macro-error",
 "proc-macro2",
 "quote",
 "syn",
 "synstructure",
]

[[package]]
name = "num"
version = "0.4.0"
source = "registry+https://github.com/rust-lang/crates.io-index"
checksum = "43db66d1170d347f9a065114077f7dccb00c1b9478c89384490a3425279a4606"
dependencies = [
 "num-bigint",
 "num-complex",
 "num-integer",
 "num-iter",
 "num-rational",
 "num-traits",
]

[[package]]
name = "num-bigint"
version = "0.4.3"
source = "registry+https://github.com/rust-lang/crates.io-index"
checksum = "f93ab6289c7b344a8a9f60f88d80aa20032336fe78da341afc91c8a2341fc75f"
dependencies = [
 "autocfg",
 "num-integer",
 "num-traits",
]

[[package]]
name = "num-complex"
version = "0.4.2"
source = "registry+https://github.com/rust-lang/crates.io-index"
checksum = "7ae39348c8bc5fbd7f40c727a9925f03517afd2ab27d46702108b6a7e5414c19"
dependencies = [
 "num-traits",
]

[[package]]
name = "num-derive"
version = "0.3.3"
source = "registry+https://github.com/rust-lang/crates.io-index"
checksum = "876a53fff98e03a936a674b29568b0e605f06b29372c2489ff4de23f1949743d"
dependencies = [
 "proc-macro2",
 "quote",
 "syn",
]

[[package]]
name = "num-integer"
version = "0.1.45"
source = "registry+https://github.com/rust-lang/crates.io-index"
checksum = "225d3389fb3509a24c93f5c29eb6bde2586b98d9f016636dff58d7c6f7569cd9"
dependencies = [
 "autocfg",
 "num-traits",
]

[[package]]
name = "num-iter"
version = "0.1.43"
source = "registry+https://github.com/rust-lang/crates.io-index"
checksum = "7d03e6c028c5dc5cac6e2dec0efda81fc887605bb3d884578bb6d6bf7514e252"
dependencies = [
 "autocfg",
 "num-integer",
 "num-traits",
]

[[package]]
name = "num-rational"
version = "0.4.1"
source = "registry+https://github.com/rust-lang/crates.io-index"
checksum = "0638a1c9d0a3c0914158145bc76cff373a75a627e6ecbfb71cbe6f453a5a19b0"
dependencies = [
 "autocfg",
 "num-bigint",
 "num-integer",
 "num-traits",
]

[[package]]
name = "num-traits"
version = "0.2.15"
source = "registry+https://github.com/rust-lang/crates.io-index"
checksum = "578ede34cf02f8924ab9447f50c28075b4d3e5b269972345e7e0372b38c6cdcd"
dependencies = [
 "autocfg",
]

[[package]]
name = "once_cell"
version = "1.11.0"
source = "registry+https://github.com/rust-lang/crates.io-index"
checksum = "7b10983b38c53aebdf33f542c6275b0f58a238129d00c4ae0e6fb59738d783ca"

[[package]]
name = "paste"
version = "1.0.9"
source = "registry+https://github.com/rust-lang/crates.io-index"
checksum = "b1de2e551fb905ac83f73f7aedf2f0cb4a0da7e35efa24a202a936269f1f18e1"

[[package]]
name = "ppv-lite86"
version = "0.2.16"
source = "registry+https://github.com/rust-lang/crates.io-index"
checksum = "eb9f9e6e233e5c4a35559a617bf40a4ec447db2e84c20b55a6f83167b7e57872"

[[package]]
name = "proc-macro-crate"
version = "1.1.3"
source = "registry+https://github.com/rust-lang/crates.io-index"
checksum = "e17d47ce914bf4de440332250b0edd23ce48c005f59fab39d3335866b114f11a"
dependencies = [
 "thiserror",
 "toml",
]

[[package]]
name = "proc-macro-error"
version = "1.0.4"
source = "registry+https://github.com/rust-lang/crates.io-index"
checksum = "da25490ff9892aab3fcf7c36f08cfb902dd3e71ca0f9f9517bea02a73a5ce38c"
dependencies = [
 "proc-macro-error-attr",
 "proc-macro2",
 "quote",
 "syn",
 "version_check",
]

[[package]]
name = "proc-macro-error-attr"
version = "1.0.4"
source = "registry+https://github.com/rust-lang/crates.io-index"
checksum = "a1be40180e52ecc98ad80b184934baf3d0d29f979574e439af5a55274b35f869"
dependencies = [
 "proc-macro2",
 "quote",
 "version_check",
]

[[package]]
name = "proc-macro2"
version = "1.0.39"
source = "registry+https://github.com/rust-lang/crates.io-index"
checksum = "c54b25569025b7fc9651de43004ae593a75ad88543b17178aa5e1b9c4f15f56f"
dependencies = [
 "unicode-ident",
]

[[package]]
name = "quote"
version = "1.0.18"
source = "registry+https://github.com/rust-lang/crates.io-index"
checksum = "a1feb54ed693b93a84e14094943b84b7c4eae204c512b7ccb95ab0c66d278ad1"
dependencies = [
 "proc-macro2",
]

[[package]]
name = "rand"
version = "0.8.5"
source = "registry+https://github.com/rust-lang/crates.io-index"
checksum = "34af8d1a0e25924bc5b7c43c079c942339d8f0a8b57c39049bef581b46327404"
dependencies = [
 "libc",
 "rand_chacha",
 "rand_core",
]

[[package]]
name = "rand_chacha"
version = "0.3.1"
source = "registry+https://github.com/rust-lang/crates.io-index"
checksum = "e6c10a63a0fa32252be49d21e7709d4d4baf8d231c2dbce1eaa8141b9b127d88"
dependencies = [
 "ppv-lite86",
 "rand_core",
]

[[package]]
name = "rand_core"
version = "0.6.3"
source = "registry+https://github.com/rust-lang/crates.io-index"
checksum = "d34f1408f55294453790c48b2f1ebbb1c5b4b7563eb1f418bcfcfdbb06ebb4e7"
dependencies = [
 "getrandom",
]

[[package]]
name = "regex"
version = "1.5.6"
source = "registry+https://github.com/rust-lang/crates.io-index"
checksum = "d83f127d94bdbcda4c8cc2e50f6f84f4b611f69c902699ca385a39c3a75f9ff1"
dependencies = [
 "aho-corasick",
 "memchr",
 "regex-syntax",
]

[[package]]
name = "regex-syntax"
version = "0.6.26"
source = "registry+https://github.com/rust-lang/crates.io-index"
checksum = "49b3de9ec5dc0a3417da371aab17d729997c15010e7fd24ff707773a33bddb64"

[[package]]
name = "ripemd"
version = "0.1.3"
source = "registry+https://github.com/rust-lang/crates.io-index"
checksum = "bd124222d17ad93a644ed9d011a40f4fb64aa54275c08cc216524a9ea82fb09f"
dependencies = [
 "digest",
]

[[package]]
name = "scopeguard"
version = "1.1.0"
source = "registry+https://github.com/rust-lang/crates.io-index"
checksum = "d29ab0c6d3fc0ee92fe66e2d99f700eab17a8d57d1c1d3b748380fb20baa78cd"

[[package]]
name = "serde"
version = "1.0.137"
source = "registry+https://github.com/rust-lang/crates.io-index"
checksum = "61ea8d54c77f8315140a05f4c7237403bf38b72704d031543aa1d16abbf517d1"
dependencies = [
 "serde_derive",
]

[[package]]
name = "serde-big-array"
version = "0.3.3"
source = "registry+https://github.com/rust-lang/crates.io-index"
checksum = "cd31f59f6fe2b0c055371bb2f16d7f0aa7d8881676c04a55b1596d1a17cd10a4"
dependencies = [
 "serde",
]

[[package]]
name = "serde_bytes"
version = "0.11.6"
source = "registry+https://github.com/rust-lang/crates.io-index"
checksum = "212e73464ebcde48d723aa02eb270ba62eff38a9b732df31f33f1b4e145f3a54"
dependencies = [
 "serde",
]

[[package]]
name = "serde_derive"
version = "1.0.137"
source = "registry+https://github.com/rust-lang/crates.io-index"
checksum = "1f26faba0c3959972377d3b2d306ee9f71faee9714294e41bb777f83f88578be"
dependencies = [
 "proc-macro2",
 "quote",
 "syn",
]

[[package]]
name = "serde_ipld_dagcbor"
version = "0.2.2"
source = "registry+https://github.com/rust-lang/crates.io-index"
checksum = "c1e23de7a4a18dff77ab9531f279a882500b8cf3549fde044d4e10481b411f1e"
dependencies = [
 "cbor4ii",
 "cid",
 "scopeguard",
 "serde",
]

[[package]]
name = "serde_repr"
version = "0.1.8"
source = "registry+https://github.com/rust-lang/crates.io-index"
checksum = "a2ad84e47328a31223de7fed7a4f5087f2d6ddfe586cf3ca25b7a165bc0a5aed"
dependencies = [
 "proc-macro2",
 "quote",
 "syn",
]

[[package]]
name = "serde_tuple"
version = "0.5.0"
source = "registry+https://github.com/rust-lang/crates.io-index"
checksum = "f4f025b91216f15a2a32aa39669329a475733590a015835d1783549a56d09427"
dependencies = [
 "serde",
 "serde_tuple_macros",
]

[[package]]
name = "serde_tuple_macros"
version = "0.5.0"
source = "registry+https://github.com/rust-lang/crates.io-index"
checksum = "4076151d1a2b688e25aaf236997933c66e18b870d0369f8b248b8ab2be630d7e"
dependencies = [
 "proc-macro2",
 "quote",
 "syn",
]

[[package]]
name = "sha2"
version = "0.10.2"
source = "registry+https://github.com/rust-lang/crates.io-index"
checksum = "55deaec60f81eefe3cce0dc50bda92d6d8e88f2a27df7c5033b42afeb1ed2676"
dependencies = [
 "cfg-if",
 "cpufeatures",
 "digest",
]

[[package]]
name = "sha3"
version = "0.10.1"
source = "registry+https://github.com/rust-lang/crates.io-index"
checksum = "881bf8156c87b6301fc5ca6b27f11eeb2761224c7081e69b409d5a1951a70c86"
dependencies = [
 "digest",
 "keccak",
]

[[package]]
name = "strsim"
version = "0.10.0"
source = "registry+https://github.com/rust-lang/crates.io-index"
checksum = "73473c0e59e6d5812c5dfe2a064a6444949f089e20eec9a2e5506596494e4623"

[[package]]
name = "syn"
version = "1.0.95"
source = "registry+https://github.com/rust-lang/crates.io-index"
checksum = "fbaf6116ab8924f39d52792136fb74fd60a80194cf1b1c6ffa6453eef1c3f942"
dependencies = [
 "proc-macro2",
 "quote",
 "unicode-ident",
]

[[package]]
name = "synstructure"
version = "0.12.6"
source = "registry+https://github.com/rust-lang/crates.io-index"
checksum = "f36bdaa60a83aca3921b5259d5400cbf5e90fc51931376a9bd4a0eb79aa7210f"
dependencies = [
 "proc-macro2",
 "quote",
 "syn",
 "unicode-xid",
]

[[package]]
name = "test-case"
version = "2.2.2"
source = "registry+https://github.com/rust-lang/crates.io-index"
checksum = "21d6cf5a7dffb3f9dceec8e6b8ca528d9bd71d36c9f074defb548ce161f598c0"
dependencies = [
 "test-case-macros",
]

[[package]]
name = "test-case-macros"
version = "2.2.2"
source = "registry+https://github.com/rust-lang/crates.io-index"
checksum = "e45b7bf6e19353ddd832745c8fcf77a17a93171df7151187f26623f2b75b5b26"
dependencies = [
 "cfg-if",
 "proc-macro-error",
 "proc-macro2",
 "quote",
 "syn",
]

[[package]]
name = "thiserror"
version = "1.0.31"
source = "registry+https://github.com/rust-lang/crates.io-index"
checksum = "bd829fe32373d27f76265620b5309d0340cb8550f523c1dda251d6298069069a"
dependencies = [
 "thiserror-impl",
]

[[package]]
name = "thiserror-impl"
version = "1.0.31"
source = "registry+https://github.com/rust-lang/crates.io-index"
checksum = "0396bc89e626244658bef819e22d0cc459e795a5ebe878e6ec336d1674a8d79a"
dependencies = [
 "proc-macro2",
 "quote",
 "syn",
]

[[package]]
name = "toml"
version = "0.5.9"
source = "registry+https://github.com/rust-lang/crates.io-index"
checksum = "8d82e1a7758622a465f8cee077614c73484dac5b836c02ff6a40d5d1010324d7"
dependencies = [
 "serde",
]

[[package]]
name = "typenum"
version = "1.15.0"
source = "registry+https://github.com/rust-lang/crates.io-index"
checksum = "dcf81ac59edc17cc8697ff311e8f5ef2d99fcbd9817b34cec66f90b6c3dfd987"

[[package]]
name = "unicode-ident"
version = "1.0.0"
source = "registry+https://github.com/rust-lang/crates.io-index"
checksum = "d22af068fba1eb5edcb4aea19d382b2a3deb4c8f9d475c589b6ada9e0fd493ee"

[[package]]
name = "unicode-xid"
version = "0.2.3"
source = "registry+https://github.com/rust-lang/crates.io-index"
checksum = "957e51f3646910546462e67d5f7599b9e4fb8acdd304b087a6494730f9eebf04"

[[package]]
name = "unsigned-varint"
version = "0.7.1"
source = "registry+https://github.com/rust-lang/crates.io-index"
checksum = "d86a8dc7f45e4c1b0d30e43038c38f274e77af056aa5f74b93c2cf9eb3c1c836"

[[package]]
name = "version_check"
version = "0.9.4"
source = "registry+https://github.com/rust-lang/crates.io-index"
checksum = "49874b5167b65d7193b8aba1567f5c7d93d001cafc34600cee003eda787e483f"

[[package]]
name = "wasi"
version = "0.10.2+wasi-snapshot-preview1"
source = "registry+https://github.com/rust-lang/crates.io-index"
checksum = "fd6fbd9a79829dd1ad0cc20627bf1ed606756a7f77edff7b66b7064f9cb327c6"

[[package]]
name = "wasm-bindgen"
version = "0.2.80"
source = "registry+https://github.com/rust-lang/crates.io-index"
checksum = "27370197c907c55e3f1a9fbe26f44e937fe6451368324e009cba39e139dc08ad"
dependencies = [
 "cfg-if",
 "wasm-bindgen-macro",
]

[[package]]
name = "wasm-bindgen-backend"
version = "0.2.80"
source = "registry+https://github.com/rust-lang/crates.io-index"
checksum = "53e04185bfa3a779273da532f5025e33398409573f348985af9a1cbf3774d3f4"
dependencies = [
 "bumpalo",
 "lazy_static",
 "log",
 "proc-macro2",
 "quote",
 "syn",
 "wasm-bindgen-shared",
]

[[package]]
name = "wasm-bindgen-macro"
version = "0.2.80"
source = "registry+https://github.com/rust-lang/crates.io-index"
checksum = "17cae7ff784d7e83a2fe7611cfe766ecf034111b49deb850a3dc7699c08251f5"
dependencies = [
 "quote",
 "wasm-bindgen-macro-support",
]

[[package]]
name = "wasm-bindgen-macro-support"
version = "0.2.80"
source = "registry+https://github.com/rust-lang/crates.io-index"
checksum = "99ec0dc7a4756fffc231aab1b9f2f578d23cd391390ab27f952ae0c9b3ece20b"
dependencies = [
 "proc-macro2",
 "quote",
 "syn",
 "wasm-bindgen-backend",
 "wasm-bindgen-shared",
]

[[package]]
name = "wasm-bindgen-shared"
version = "0.2.80"
source = "registry+https://github.com/rust-lang/crates.io-index"
checksum = "d554b7f530dee5964d9a9468d95c1f8b8acae4f282807e7d27d4b03099a46744"
